// !$*UTF8*$!
{
	archiveVersion = 1;
	classes = {
	};
	objectVersion = 46;
	objects = {

/* Begin PBXBuildFile section */
		D1CF5CF51CC727CE00E021CE /* main.m in Sources */ = {isa = PBXBuildFile; fileRef = D1CF5CF41CC727CE00E021CE /* main.m */; };
		D1CF5CF81CC727CE00E021CE /* AppDelegate.m in Sources */ = {isa = PBXBuildFile; fileRef = D1CF5CF71CC727CE00E021CE /* AppDelegate.m */; };
		D1CF5CFB1CC727CE00E021CE /* ViewController.m in Sources */ = {isa = PBXBuildFile; fileRef = D1CF5CFA1CC727CE00E021CE /* ViewController.m */; };
		D1CF5CFE1CC727CE00E021CE /* Main.storyboard in Resources */ = {isa = PBXBuildFile; fileRef = D1CF5CFC1CC727CE00E021CE /* Main.storyboard */; };
		D1CF5D001CC727CE00E021CE /* Assets.xcassets in Resources */ = {isa = PBXBuildFile; fileRef = D1CF5CFF1CC727CE00E021CE /* Assets.xcassets */; };
		D1CF5D031CC727CE00E021CE /* LaunchScreen.storyboard in Resources */ = {isa = PBXBuildFile; fileRef = D1CF5D011CC727CE00E021CE /* LaunchScreen.storyboard */; };
		D1CF5D591CC7514300E021CE /* libclinkc.a in Frameworks */ = {isa = PBXBuildFile; fileRef = D1CF5D581CC7514300E021CE /* libclinkc.a */; };
		D1CF5D5B1CC7514900E021CE /* libxml2.tbd in Frameworks */ = {isa = PBXBuildFile; fileRef = D1CF5D5A1CC7514900E021CE /* libxml2.tbd */; };
		D1CF5D601CC7518700E021CE /* PlayerViewController.m in Sources */ = {isa = PBXBuildFile; fileRef = D1CF5D5D1CC7518700E021CE /* PlayerViewController.m */; };
		D1CF5D611CC7518700E021CE /* RendererViewController.m in Sources */ = {isa = PBXBuildFile; fileRef = D1CF5D5F1CC7518700E021CE /* RendererViewController.m */; };
/* End PBXBuildFile section */

/* Begin PBXFileReference section */
		D1CF5CF01CC727CE00E021CE /* travis.app */ = {isa = PBXFileReference; explicitFileType = wrapper.application; includeInIndex = 0; path = travis.app; sourceTree = BUILT_PRODUCTS_DIR; };
		D1CF5CF41CC727CE00E021CE /* main.m */ = {isa = PBXFileReference; lastKnownFileType = sourcecode.c.objc; path = main.m; sourceTree = "<group>"; };
		D1CF5CF61CC727CE00E021CE /* AppDelegate.h */ = {isa = PBXFileReference; lastKnownFileType = sourcecode.c.h; path = AppDelegate.h; sourceTree = "<group>"; };
		D1CF5CF71CC727CE00E021CE /* AppDelegate.m */ = {isa = PBXFileReference; lastKnownFileType = sourcecode.c.objc; path = AppDelegate.m; sourceTree = "<group>"; };
		D1CF5CF91CC727CE00E021CE /* ViewController.h */ = {isa = PBXFileReference; lastKnownFileType = sourcecode.c.h; path = ViewController.h; sourceTree = "<group>"; };
		D1CF5CFA1CC727CE00E021CE /* ViewController.m */ = {isa = PBXFileReference; lastKnownFileType = sourcecode.c.objc; path = ViewController.m; sourceTree = "<group>"; };
		D1CF5CFD1CC727CE00E021CE /* Base */ = {isa = PBXFileReference; lastKnownFileType = file.storyboard; name = Base; path = Base.lproj/Main.storyboard; sourceTree = "<group>"; };
		D1CF5CFF1CC727CE00E021CE /* Assets.xcassets */ = {isa = PBXFileReference; lastKnownFileType = folder.assetcatalog; path = Assets.xcassets; sourceTree = "<group>"; };
		D1CF5D021CC727CE00E021CE /* Base */ = {isa = PBXFileReference; lastKnownFileType = file.storyboard; name = Base; path = Base.lproj/LaunchScreen.storyboard; sourceTree = "<group>"; };
		D1CF5D041CC727CE00E021CE /* Info.plist */ = {isa = PBXFileReference; lastKnownFileType = text.plist.xml; path = Info.plist; sourceTree = "<group>"; };
		D1CF5D431CC7513200E021CE /* CGUpnpAction.h */ = {isa = PBXFileReference; fileEncoding = 4; lastKnownFileType = sourcecode.c.h; path = CGUpnpAction.h; sourceTree = "<group>"; };
		D1CF5D441CC7513200E021CE /* CGUpnpAvContainer.h */ = {isa = PBXFileReference; fileEncoding = 4; lastKnownFileType = sourcecode.c.h; path = CGUpnpAvContainer.h; sourceTree = "<group>"; };
		D1CF5D451CC7513200E021CE /* CGUpnpAvContentDirectory.h */ = {isa = PBXFileReference; fileEncoding = 4; lastKnownFileType = sourcecode.c.h; path = CGUpnpAvContentDirectory.h; sourceTree = "<group>"; };
		D1CF5D461CC7513200E021CE /* CGUpnpAvContentManager.h */ = {isa = PBXFileReference; fileEncoding = 4; lastKnownFileType = sourcecode.c.h; path = CGUpnpAvContentManager.h; sourceTree = "<group>"; };
		D1CF5D471CC7513200E021CE /* CGUpnpAvController.h */ = {isa = PBXFileReference; fileEncoding = 4; lastKnownFileType = sourcecode.c.h; path = CGUpnpAvController.h; sourceTree = "<group>"; };
		D1CF5D481CC7513200E021CE /* CGUpnpAvItem.h */ = {isa = PBXFileReference; fileEncoding = 4; lastKnownFileType = sourcecode.c.h; path = CGUpnpAvItem.h; sourceTree = "<group>"; };
		D1CF5D491CC7513200E021CE /* CGUpnpAvObject.h */ = {isa = PBXFileReference; fileEncoding = 4; lastKnownFileType = sourcecode.c.h; path = CGUpnpAvObject.h; sourceTree = "<group>"; };
		D1CF5D4A1CC7513200E021CE /* CGUpnpAVPositionInfo.h */ = {isa = PBXFileReference; fileEncoding = 4; lastKnownFileType = sourcecode.c.h; path = CGUpnpAVPositionInfo.h; sourceTree = "<group>"; };
		D1CF5D4B1CC7513200E021CE /* CGUpnpAvRenderer.h */ = {isa = PBXFileReference; fileEncoding = 4; lastKnownFileType = sourcecode.c.h; path = CGUpnpAvRenderer.h; sourceTree = "<group>"; };
		D1CF5D4C1CC7513200E021CE /* CGUpnpAvResource.h */ = {isa = PBXFileReference; fileEncoding = 4; lastKnownFileType = sourcecode.c.h; path = CGUpnpAvResource.h; sourceTree = "<group>"; };
		D1CF5D4D1CC7513200E021CE /* CGUpnpAvRoot.h */ = {isa = PBXFileReference; fileEncoding = 4; lastKnownFileType = sourcecode.c.h; path = CGUpnpAvRoot.h; sourceTree = "<group>"; };
		D1CF5D4E1CC7513200E021CE /* CGUpnpAvServer.h */ = {isa = PBXFileReference; fileEncoding = 4; lastKnownFileType = sourcecode.c.h; path = CGUpnpAvServer.h; sourceTree = "<group>"; };
		D1CF5D4F1CC7513200E021CE /* CGUpnpControlPoint.h */ = {isa = PBXFileReference; fileEncoding = 4; lastKnownFileType = sourcecode.c.h; path = CGUpnpControlPoint.h; sourceTree = "<group>"; };
		D1CF5D501CC7513200E021CE /* CGUpnpDevice.h */ = {isa = PBXFileReference; fileEncoding = 4; lastKnownFileType = sourcecode.c.h; path = CGUpnpDevice.h; sourceTree = "<group>"; };
		D1CF5D511CC7513200E021CE /* CGUpnpIcon.h */ = {isa = PBXFileReference; fileEncoding = 4; lastKnownFileType = sourcecode.c.h; path = CGUpnpIcon.h; sourceTree = "<group>"; };
		D1CF5D521CC7513200E021CE /* CGUpnpService.h */ = {isa = PBXFileReference; fileEncoding = 4; lastKnownFileType = sourcecode.c.h; path = CGUpnpService.h; sourceTree = "<group>"; };
		D1CF5D531CC7513200E021CE /* CGUpnpStateVariable.h */ = {isa = PBXFileReference; fileEncoding = 4; lastKnownFileType = sourcecode.c.h; path = CGUpnpStateVariable.h; sourceTree = "<group>"; };
		D1CF5D541CC7513200E021CE /* CGXml.h */ = {isa = PBXFileReference; fileEncoding = 4; lastKnownFileType = sourcecode.c.h; path = CGXml.h; sourceTree = "<group>"; };
		D1CF5D551CC7513200E021CE /* CGXmlNode.h */ = {isa = PBXFileReference; fileEncoding = 4; lastKnownFileType = sourcecode.c.h; path = CGXmlNode.h; sourceTree = "<group>"; };
		D1CF5D561CC7513200E021CE /* UPnP.h */ = {isa = PBXFileReference; fileEncoding = 4; lastKnownFileType = sourcecode.c.h; path = UPnP.h; sourceTree = "<group>"; };
		D1CF5D571CC7513200E021CE /* UPnPAV.h */ = {isa = PBXFileReference; fileEncoding = 4; lastKnownFileType = sourcecode.c.h; path = UPnPAV.h; sourceTree = "<group>"; };
		D1CF5D581CC7514300E021CE /* libclinkc.a */ = {isa = PBXFileReference; lastKnownFileType = archive.ar; name = libclinkc.a; path = "DLNA-ObjC/Lib/libclinkc.a"; sourceTree = "<group>"; };
		D1CF5D5A1CC7514900E021CE /* libxml2.tbd */ = {isa = PBXFileReference; lastKnownFileType = "sourcecode.text-based-dylib-definition"; name = libxml2.tbd; path = usr/lib/libxml2.tbd; sourceTree = SDKROOT; };
		D1CF5D5C1CC7518700E021CE /* PlayerViewController.h */ = {isa = PBXFileReference; fileEncoding = 4; lastKnownFileType = sourcecode.c.h; path = PlayerViewController.h; sourceTree = "<group>"; };
		D1CF5D5D1CC7518700E021CE /* PlayerViewController.m */ = {isa = PBXFileReference; fileEncoding = 4; lastKnownFileType = sourcecode.c.objc; path = PlayerViewController.m; sourceTree = "<group>"; };
		D1CF5D5E1CC7518700E021CE /* RendererViewController.h */ = {isa = PBXFileReference; fileEncoding = 4; lastKnownFileType = sourcecode.c.h; path = RendererViewController.h; sourceTree = "<group>"; };
		D1CF5D5F1CC7518700E021CE /* RendererViewController.m */ = {isa = PBXFileReference; fileEncoding = 4; lastKnownFileType = sourcecode.c.objc; path = RendererViewController.m; sourceTree = "<group>"; };
/* End PBXFileReference section */

/* Begin PBXFrameworksBuildPhase section */
		D1CF5CED1CC727CE00E021CE /* Frameworks */ = {
			isa = PBXFrameworksBuildPhase;
			buildActionMask = 2147483647;
			files = (
				D1CF5D5B1CC7514900E021CE /* libxml2.tbd in Frameworks */,
				D1CF5D591CC7514300E021CE /* libclinkc.a in Frameworks */,
			);
			runOnlyForDeploymentPostprocessing = 0;
		};
/* End PBXFrameworksBuildPhase section */

/* Begin PBXGroup section */
		D1CF5CE71CC727CE00E021CE = {
			isa = PBXGroup;
			children = (
				D1CF5D621CC751DD00E021CE /* frameworks */,
				D1CF5D421CC7513200E021CE /* CyberLink */,
				D1CF5CF21CC727CE00E021CE /* travis */,
				D1CF5CF11CC727CE00E021CE /* Products */,
			);
			sourceTree = "<group>";
		};
		D1CF5CF11CC727CE00E021CE /* Products */ = {
			isa = PBXGroup;
			children = (
				D1CF5CF01CC727CE00E021CE /* travis.app */,
			);
			name = Products;
			sourceTree = "<group>";
		};
		D1CF5CF21CC727CE00E021CE /* travis */ = {
			isa = PBXGroup;
			children = (
				D1CF5D5C1CC7518700E021CE /* PlayerViewController.h */,
				D1CF5D5D1CC7518700E021CE /* PlayerViewController.m */,
				D1CF5D5E1CC7518700E021CE /* RendererViewController.h */,
				D1CF5D5F1CC7518700E021CE /* RendererViewController.m */,
				D1CF5CF61CC727CE00E021CE /* AppDelegate.h */,
				D1CF5CF71CC727CE00E021CE /* AppDelegate.m */,
				D1CF5CF91CC727CE00E021CE /* ViewController.h */,
				D1CF5CFA1CC727CE00E021CE /* ViewController.m */,
				D1CF5CFC1CC727CE00E021CE /* Main.storyboard */,
				D1CF5CFF1CC727CE00E021CE /* Assets.xcassets */,
				D1CF5D011CC727CE00E021CE /* LaunchScreen.storyboard */,
				D1CF5D041CC727CE00E021CE /* Info.plist */,
				D1CF5CF31CC727CE00E021CE /* Supporting Files */,
			);
			path = travis;
			sourceTree = "<group>";
		};
		D1CF5CF31CC727CE00E021CE /* Supporting Files */ = {
			isa = PBXGroup;
			children = (
				D1CF5CF41CC727CE00E021CE /* main.m */,
			);
			name = "Supporting Files";
			sourceTree = "<group>";
		};
		D1CF5D421CC7513200E021CE /* CyberLink */ = {
			isa = PBXGroup;
			children = (
				D1CF5D431CC7513200E021CE /* CGUpnpAction.h */,
				D1CF5D441CC7513200E021CE /* CGUpnpAvContainer.h */,
				D1CF5D451CC7513200E021CE /* CGUpnpAvContentDirectory.h */,
				D1CF5D461CC7513200E021CE /* CGUpnpAvContentManager.h */,
				D1CF5D471CC7513200E021CE /* CGUpnpAvController.h */,
				D1CF5D481CC7513200E021CE /* CGUpnpAvItem.h */,
				D1CF5D491CC7513200E021CE /* CGUpnpAvObject.h */,
				D1CF5D4A1CC7513200E021CE /* CGUpnpAVPositionInfo.h */,
				D1CF5D4B1CC7513200E021CE /* CGUpnpAvRenderer.h */,
				D1CF5D4C1CC7513200E021CE /* CGUpnpAvResource.h */,
				D1CF5D4D1CC7513200E021CE /* CGUpnpAvRoot.h */,
				D1CF5D4E1CC7513200E021CE /* CGUpnpAvServer.h */,
				D1CF5D4F1CC7513200E021CE /* CGUpnpControlPoint.h */,
				D1CF5D501CC7513200E021CE /* CGUpnpDevice.h */,
				D1CF5D511CC7513200E021CE /* CGUpnpIcon.h */,
				D1CF5D521CC7513200E021CE /* CGUpnpService.h */,
				D1CF5D531CC7513200E021CE /* CGUpnpStateVariable.h */,
				D1CF5D541CC7513200E021CE /* CGXml.h */,
				D1CF5D551CC7513200E021CE /* CGXmlNode.h */,
				D1CF5D561CC7513200E021CE /* UPnP.h */,
				D1CF5D571CC7513200E021CE /* UPnPAV.h */,
			);
			name = CyberLink;
			path = "DLNA-ObjC/CyberLink";
			sourceTree = "<group>";
		};
		D1CF5D621CC751DD00E021CE /* frameworks */ = {
			isa = PBXGroup;
			children = (
				D1CF5D5A1CC7514900E021CE /* libxml2.tbd */,
				D1CF5D581CC7514300E021CE /* libclinkc.a */,
			);
			name = frameworks;
			sourceTree = "<group>";
		};
/* End PBXGroup section */

/* Begin PBXNativeTarget section */
		D1CF5CEF1CC727CE00E021CE /* travis */ = {
			isa = PBXNativeTarget;
			buildConfigurationList = D1CF5D071CC727CE00E021CE /* Build configuration list for PBXNativeTarget "travis" */;
			buildPhases = (
				D1CF5CEC1CC727CE00E021CE /* Sources */,
				D1CF5CED1CC727CE00E021CE /* Frameworks */,
				D1CF5CEE1CC727CE00E021CE /* Resources */,
			);
			buildRules = (
			);
			dependencies = (
			);
			name = travis;
			productName = travis;
			productReference = D1CF5CF01CC727CE00E021CE /* travis.app */;
			productType = "com.apple.product-type.application";
		};
/* End PBXNativeTarget section */

/* Begin PBXProject section */
		D1CF5CE81CC727CE00E021CE /* Project object */ = {
			isa = PBXProject;
			attributes = {
				LastUpgradeCheck = 0730;
				ORGANIZATIONNAME = "go-swift.net";
				TargetAttributes = {
					D1CF5CEF1CC727CE00E021CE = {
						CreatedOnToolsVersion = 7.3;
					};
				};
			};
			buildConfigurationList = D1CF5CEB1CC727CE00E021CE /* Build configuration list for PBXProject "travis" */;
			compatibilityVersion = "Xcode 3.2";
			developmentRegion = English;
			hasScannedForEncodings = 0;
			knownRegions = (
				en,
				Base,
			);
			mainGroup = D1CF5CE71CC727CE00E021CE;
			productRefGroup = D1CF5CF11CC727CE00E021CE /* Products */;
			projectDirPath = "";
			projectRoot = "";
			targets = (
				D1CF5CEF1CC727CE00E021CE /* travis */,
			);
		};
/* End PBXProject section */

/* Begin PBXResourcesBuildPhase section */
		D1CF5CEE1CC727CE00E021CE /* Resources */ = {
			isa = PBXResourcesBuildPhase;
			buildActionMask = 2147483647;
			files = (
				D1CF5D031CC727CE00E021CE /* LaunchScreen.storyboard in Resources */,
				D1CF5D001CC727CE00E021CE /* Assets.xcassets in Resources */,
				D1CF5CFE1CC727CE00E021CE /* Main.storyboard in Resources */,
			);
			runOnlyForDeploymentPostprocessing = 0;
		};
/* End PBXResourcesBuildPhase section */

/* Begin PBXSourcesBuildPhase section */
		D1CF5CEC1CC727CE00E021CE /* Sources */ = {
			isa = PBXSourcesBuildPhase;
			buildActionMask = 2147483647;
			files = (
				D1CF5CFB1CC727CE00E021CE /* ViewController.m in Sources */,
				D1CF5D601CC7518700E021CE /* PlayerViewController.m in Sources */,
				D1CF5D611CC7518700E021CE /* RendererViewController.m in Sources */,
				D1CF5CF81CC727CE00E021CE /* AppDelegate.m in Sources */,
				D1CF5CF51CC727CE00E021CE /* main.m in Sources */,
			);
			runOnlyForDeploymentPostprocessing = 0;
		};
/* End PBXSourcesBuildPhase section */

/* Begin PBXVariantGroup section */
		D1CF5CFC1CC727CE00E021CE /* Main.storyboard */ = {
			isa = PBXVariantGroup;
			children = (
				D1CF5CFD1CC727CE00E021CE /* Base */,
			);
			name = Main.storyboard;
			sourceTree = "<group>";
		};
		D1CF5D011CC727CE00E021CE /* LaunchScreen.storyboard */ = {
			isa = PBXVariantGroup;
			children = (
				D1CF5D021CC727CE00E021CE /* Base */,
			);
			name = LaunchScreen.storyboard;
			sourceTree = "<group>";
		};
/* End PBXVariantGroup section */

/* Begin XCBuildConfiguration section */
		D1CF5D051CC727CE00E021CE /* Debug */ = {
			isa = XCBuildConfiguration;
			buildSettings = {
				ALWAYS_SEARCH_USER_PATHS = NO;
				CLANG_ANALYZER_NONNULL = YES;
				CLANG_CXX_LANGUAGE_STANDARD = "gnu++0x";
				CLANG_CXX_LIBRARY = "libc++";
				CLANG_ENABLE_MODULES = YES;
				CLANG_ENABLE_OBJC_ARC = YES;
				CLANG_WARN_BOOL_CONVERSION = YES;
				CLANG_WARN_CONSTANT_CONVERSION = YES;
				CLANG_WARN_DIRECT_OBJC_ISA_USAGE = YES_ERROR;
				CLANG_WARN_EMPTY_BODY = YES;
				CLANG_WARN_ENUM_CONVERSION = YES;
				CLANG_WARN_INT_CONVERSION = YES;
				CLANG_WARN_OBJC_ROOT_CLASS = YES_ERROR;
				CLANG_WARN_UNREACHABLE_CODE = YES;
				CLANG_WARN__DUPLICATE_METHOD_MATCH = YES;
				"CODE_SIGN_IDENTITY[sdk=iphoneos*]" = "iPhone Developer";
				COPY_PHASE_STRIP = NO;
				DEBUG_INFORMATION_FORMAT = dwarf;
				ENABLE_STRICT_OBJC_MSGSEND = YES;
				ENABLE_TESTABILITY = YES;
				GCC_C_LANGUAGE_STANDARD = gnu99;
				GCC_DYNAMIC_NO_PIC = NO;
				GCC_NO_COMMON_BLOCKS = YES;
				GCC_OPTIMIZATION_LEVEL = 0;
				GCC_PREPROCESSOR_DEFINITIONS = (
					"DEBUG=1",
					"$(inherited)",
				);
				GCC_WARN_64_TO_32_BIT_CONVERSION = YES;
				GCC_WARN_ABOUT_RETURN_TYPE = YES_ERROR;
				GCC_WARN_UNDECLARED_SELECTOR = YES;
				GCC_WARN_UNINITIALIZED_AUTOS = YES_AGGRESSIVE;
				GCC_WARN_UNUSED_FUNCTION = YES;
				GCC_WARN_UNUSED_VARIABLE = YES;
				IPHONEOS_DEPLOYMENT_TARGET = 9.3;
				MTL_ENABLE_DEBUG_INFO = YES;
				ONLY_ACTIVE_ARCH = YES;
				SDKROOT = iphoneos;
			};
			name = Debug;
		};
		D1CF5D061CC727CE00E021CE /* Release */ = {
			isa = XCBuildConfiguration;
			buildSettings = {
				ALWAYS_SEARCH_USER_PATHS = NO;
				CLANG_ANALYZER_NONNULL = YES;
				CLANG_CXX_LANGUAGE_STANDARD = "gnu++0x";
				CLANG_CXX_LIBRARY = "libc++";
				CLANG_ENABLE_MODULES = YES;
				CLANG_ENABLE_OBJC_ARC = YES;
				CLANG_WARN_BOOL_CONVERSION = YES;
				CLANG_WARN_CONSTANT_CONVERSION = YES;
				CLANG_WARN_DIRECT_OBJC_ISA_USAGE = YES_ERROR;
				CLANG_WARN_EMPTY_BODY = YES;
				CLANG_WARN_ENUM_CONVERSION = YES;
				CLANG_WARN_INT_CONVERSION = YES;
				CLANG_WARN_OBJC_ROOT_CLASS = YES_ERROR;
				CLANG_WARN_UNREACHABLE_CODE = YES;
				CLANG_WARN__DUPLICATE_METHOD_MATCH = YES;
				"CODE_SIGN_IDENTITY[sdk=iphoneos*]" = "iPhone Developer";
				COPY_PHASE_STRIP = NO;
				DEBUG_INFORMATION_FORMAT = "dwarf-with-dsym";
				ENABLE_NS_ASSERTIONS = NO;
				ENABLE_STRICT_OBJC_MSGSEND = YES;
				GCC_C_LANGUAGE_STANDARD = gnu99;
				GCC_NO_COMMON_BLOCKS = YES;
				GCC_WARN_64_TO_32_BIT_CONVERSION = YES;
				GCC_WARN_ABOUT_RETURN_TYPE = YES_ERROR;
				GCC_WARN_UNDECLARED_SELECTOR = YES;
				GCC_WARN_UNINITIALIZED_AUTOS = YES_AGGRESSIVE;
				GCC_WARN_UNUSED_FUNCTION = YES;
				GCC_WARN_UNUSED_VARIABLE = YES;
				IPHONEOS_DEPLOYMENT_TARGET = 9.3;
				MTL_ENABLE_DEBUG_INFO = NO;
				SDKROOT = iphoneos;
				VALIDATE_PRODUCT = YES;
			};
			name = Release;
		};
		D1CF5D081CC727CE00E021CE /* Debug */ = {
			isa = XCBuildConfiguration;
			buildSettings = {
				ASSETCATALOG_COMPILER_APPICON_NAME = AppIcon;
				ENABLE_BITCODE = NO;
				HEADER_SEARCH_PATHS = "$(PROJECT_DIR)/DLNA-ObjC/";
				INFOPLIST_FILE = travis/Info.plist;
				IPHONEOS_DEPLOYMENT_TARGET = 8.0;
				LD_RUNPATH_SEARCH_PATHS = "$(inherited) @executable_path/Frameworks";
				LIBRARY_SEARCH_PATHS = (
					"$(inherited)",
					"$(PROJECT_DIR)/DLNA-ObjC/Lib",
				);
				PRODUCT_BUNDLE_IDENTIFIER = com.goswift.travis;
				PRODUCT_NAME = "$(TARGET_NAME)";
			};
			name = Debug;
		};
		D1CF5D091CC727CE00E021CE /* Release */ = {
			isa = XCBuildConfiguration;
			buildSettings = {
				ASSETCATALOG_COMPILER_APPICON_NAME = AppIcon;
				ENABLE_BITCODE = NO;
				HEADER_SEARCH_PATHS = "$(PROJECT_DIR)/DLNA-ObjC/";
				INFOPLIST_FILE = travis/Info.plist;
				IPHONEOS_DEPLOYMENT_TARGET = 8.0;
				LD_RUNPATH_SEARCH_PATHS = "$(inherited) @executable_path/Frameworks";
				LIBRARY_SEARCH_PATHS = (
					"$(inherited)",
					"$(PROJECT_DIR)/DLNA-ObjC/Lib",
				);
				PRODUCT_BUNDLE_IDENTIFIER = com.goswift.travis;
				PRODUCT_NAME = "$(TARGET_NAME)";
			};
			name = Release;
		};
/* End XCBuildConfiguration section */

/* Begin XCConfigurationList section */
		D1CF5CEB1CC727CE00E021CE /* Build configuration list for PBXProject "travis" */ = {
			isa = XCConfigurationList;
			buildConfigurations = (
				D1CF5D051CC727CE00E021CE /* Debug */,
				D1CF5D061CC727CE00E021CE /* Release */,
			);
			defaultConfigurationIsVisible = 0;
			defaultConfigurationName = Release;
		};
		D1CF5D071CC727CE00E021CE /* Build configuration list for PBXNativeTarget "travis" */ = {
			isa = XCConfigurationList;
			buildConfigurations = (
				D1CF5D081CC727CE00E021CE /* Debug */,
				D1CF5D091CC727CE00E021CE /* Release */,
			);
			defaultConfigurationIsVisible = 0;
			defaultConfigurationName = Release;
		};
/* End XCConfigurationList section */
	};
	rootObject = D1CF5CE81CC727CE00E021CE /* Project object */;
}
